
Microsoft Visual Studio Solution File, Format Version 12.00
# Visual Studio Version 17
VisualStudioVersion = 17.5.33502.453
MinimumVisualStudioVersion = 10.0.40219.1
Project("{FAE04EC0-301F-11D3-BF4B-00C04F79EFBC}") = "MedSysApi", "MedSysApi\MedSysApi.csproj", "{FF922DB6-9646-448E-8BA3-CDB2D2C2B306}"
EndProject
Global
	GlobalSection(SolutionConfigurationPlatforms) = preSolution
		Debug|Any CPU = Debug|Any CPU
		Release|Any CPU = Release|Any CPU
	EndGlobalSection
	GlobalSection(ProjectConfigurationPlatforms) = postSolution
		{FF922DB6-9646-448E-8BA3-CDB2D2C2B306}.Debug|Any CPU.ActiveCfg = Debug|Any CPU
		{FF922DB6-9646-448E-8BA3-CDB2D2C2B306}.Debug|Any CPU.Build.0 = Debug|Any CPU
		{FF922DB6-9646-448E-8BA3-CDB2D2C2B306}.Release|Any CPU.ActiveCfg = Release|Any CPU
		{FF922DB6-9646-448E-8BA3-CDB2D2C2B306}.Release|Any CPU.Build.0 = Release|Any CPU
	EndGlobalSection
	GlobalSection(SolutionProperties) = preSolution
		HideSolutionNode = FALSE
	EndGlobalSection
	GlobalSection(ExtensibilityGlobals) = postSolution
		SolutionGuid = {4B98FB14-3B02-4206-A1F9-C084366D2CB4}
	EndGlobalSection
EndGlobal
